{
  "nodes": {
    "darwin": {
      "inputs": {
        "nixpkgs": [
          "nixpkgs"
        ]
      },
      "locked": {
        "lastModified": 1660649317,
        "narHash": "sha256-16sWaj3cTZOQQgrmzlvBSRaBFKLrHJrfYh1k7/sSWok=",
        "owner": "LnL7",
        "repo": "nix-darwin",
        "rev": "80871c71edb3da76d40bdff9cae007a2a035c074",
        "type": "github"
      },
      "original": {
        "owner": "LnL7",
        "repo": "nix-darwin",
        "type": "github"
      }
    },
    "home-manager": {
      "inputs": {
        "nixpkgs": [
          "nixpkgs"
        ]
      },
      "locked": {
        "lastModified": 1665996265,
        "narHash": "sha256-/k9og6LDBQwT+f/tJ5ClcWiUl8kCX5m6ognhsAxOiCY=",
        "owner": "nix-community",
        "repo": "home-manager",
        "rev": "b81e128fc053ab3159d7b464d9b7dedc9d6a6891",
        "type": "github"
      },
      "original": {
        "owner": "nix-community",
        "ref": "release-22.05",
        "repo": "home-manager",
        "type": "github"
      }
    },
    "nixpkgs": {
      "locked": {
        "lastModified": 1666767323,
        "narHash": "sha256-drbsgF8iLzQQ6umzOU/idYkI+UoifQdpH+mwohB3J7c=",
        "owner": "nixos",
        "repo": "nixpkgs",
        "rev": "e6e675cafe6a1d1b0eeb9ac3fe046091244b714e",
        "type": "github"
      },
      "original": {
        "owner": "nixos",
        "ref": "nixos-22.05",
        "repo": "nixpkgs",
        "type": "github"
      }
    },
    "root": {
      "inputs": {
        "darwin": "darwin",
        "home-manager": "home-manager",
        "nixpkgs": "nixpkgs",
        "yabai-src": "yabai-src"
      }
    },
    "yabai-src": {
      "flake": false,
      "locked": {
        "lastModified": 1660833262,
        "narHash": "sha256-SSXm9o2w0YOpr1VsNm0kAuW1hsOzlmzqnpSQGJ2RH8E=",
        "owner": "koekeishiya",
        "repo": "yabai",
        "rev": "e3c3ce20c5d6dcff5875645fff477a88760df8f1",
        "type": "github"
      },
      "original": {
        "owner": "koekeishiya",
        "repo": "yabai",
        "type": "github"
      }
    }
  },
  "root": "root",
  "version": 7
}
