{
  "nodes": {
    "darwin": {
      "inputs": {
        "nixpkgs": [
          "nixpkgs"
        ]
      },
      "locked": {
        "lastModified": 1660649317,
        "narHash": "sha256-16sWaj3cTZOQQgrmzlvBSRaBFKLrHJrfYh1k7/sSWok=",
        "owner": "LnL7",
        "repo": "nix-darwin",
        "rev": "80871c71edb3da76d40bdff9cae007a2a035c074",
        "type": "github"
      },
      "original": {
        "owner": "LnL7",
        "repo": "nix-darwin",
        "type": "github"
      }
    },
    "home-manager": {
      "inputs": {
        "nixpkgs": [
          "nixpkgs"
        ]
      },
      "locked": {
        "lastModified": 1656169755,
        "narHash": "sha256-Nlnm4jeQWEGjYrE6hxi/7HYHjBSZ/E0RtjCYifnNsWk=",
        "owner": "nix-community",
        "repo": "home-manager",
        "rev": "4a3d01fb53f52ac83194081272795aa4612c2381",
        "type": "github"
      },
      "original": {
        "owner": "nix-community",
        "ref": "release-22.05",
        "repo": "home-manager",
        "type": "github"
      }
    },
    "nixpkgs": {
      "locked": {
        "lastModified": 1660318005,
        "narHash": "sha256-g9WCa9lVUmOV6dYRbEPjv/TLOR5hamjeCcKExVGS3OQ=",
        "owner": "nixos",
        "repo": "nixpkgs",
        "rev": "5c211b47aeadcc178c5320afd4e74c7eed5c389f",
        "type": "github"
      },
      "original": {
        "owner": "nixos",
        "ref": "nixos-22.05",
        "repo": "nixpkgs",
        "type": "github"
      }
    },
    "root": {
      "inputs": {
        "darwin": "darwin",
        "home-manager": "home-manager",
        "nixpkgs": "nixpkgs",
        "yabai-src": "yabai-src"
      }
    },
    "yabai-src": {
      "flake": false,
      "locked": {
        "lastModified": 1660833262,
        "narHash": "sha256-SSXm9o2w0YOpr1VsNm0kAuW1hsOzlmzqnpSQGJ2RH8E=",
        "owner": "koekeishiya",
        "repo": "yabai",
        "rev": "e3c3ce20c5d6dcff5875645fff477a88760df8f1",
        "type": "github"
      },
      "original": {
        "owner": "koekeishiya",
        "repo": "yabai",
        "type": "github"
      }
    }
  },
  "root": "root",
  "version": 7
}
